
Microsoft Visual Studio Solution File, Format Version 12.00
# Visual Studio Version 17
VisualStudioVersion = 17.8.34316.72
MinimumVisualStudioVersion = 10.0.40219.1
Project("{FAE04EC0-301F-11D3-BF4B-00C04F79EFBC}") = "LastApp", "LastApp\LastApp.csproj", "{6329B10C-7DB3-46B3-92B9-495702CFCCE6}"
EndProject
Global
	GlobalSection(SolutionConfigurationPlatforms) = preSolution
		Debug|Any CPU = Debug|Any CPU
		Release|Any CPU = Release|Any CPU
	EndGlobalSection
	GlobalSection(ProjectConfigurationPlatforms) = postSolution
		{6329B10C-7DB3-46B3-92B9-495702CFCCE6}.Debug|Any CPU.ActiveCfg = Debug|Any CPU
		{6329B10C-7DB3-46B3-92B9-495702CFCCE6}.Debug|Any CPU.Build.0 = Debug|Any CPU
		{6329B10C-7DB3-46B3-92B9-495702CFCCE6}.Debug|Any CPU.Deploy.0 = Debug|Any CPU
		{6329B10C-7DB3-46B3-92B9-495702CFCCE6}.Release|Any CPU.ActiveCfg = Release|Any CPU
		{6329B10C-7DB3-46B3-92B9-495702CFCCE6}.Release|Any CPU.Build.0 = Release|Any CPU
		{6329B10C-7DB3-46B3-92B9-495702CFCCE6}.Release|Any CPU.Deploy.0 = Release|Any CPU
	EndGlobalSection
	GlobalSection(SolutionProperties) = preSolution
		HideSolutionNode = FALSE
	EndGlobalSection
	GlobalSection(ExtensibilityGlobals) = postSolution
		SolutionGuid = {F1237F14-C7DD-4B86-8B07-1C1FDE7CAC92}
	EndGlobalSection
EndGlobal
